
Microsoft Visual Studio Solution File, Format Version 12.00
# Visual Studio 15
VisualStudioVersion = 15.0.27004.2006
MinimumVisualStudioVersion = 10.0.40219.1
Project("{FAE04EC0-301F-11D3-BF4B-00C04F79EFBC}") = "Orm.Core", "PostulateV1\Orm.Core.csproj", "{74D32DED-6B61-4C06-99B7-4BF11A7325E0}"
EndProject
Project("{FAE04EC0-301F-11D3-BF4B-00C04F79EFBC}") = "Testing", "Testing\Testing.csproj", "{E2FFFA51-D436-42E3-B35F-544145ACCBFE}"
EndProject
Project("{FAE04EC0-301F-11D3-BF4B-00C04F79EFBC}") = "Orm.SqlServer", "Merge.SqlServer\Orm.SqlServer.csproj", "{6160BBDE-24A4-4964-961F-39A4A5D036D4}"
EndProject
Project("{FAE04EC0-301F-11D3-BF4B-00C04F79EFBC}") = "Orm.MySql", "Merge.MySql\Orm.MySql.csproj", "{F8AC8DB0-DFE0-4FCE-A7B5-11C5316C7A62}"
EndProject
Project("{FAE04EC0-301F-11D3-BF4B-00C04F79EFBC}") = "MergeUI", "MergeUI\MergeUI.csproj", "{AD8D1EA1-7B84-42A5-8249-4CC32204CEF4}"
EndProject
Project("{FAE04EC0-301F-11D3-BF4B-00C04F79EFBC}") = "MergeCmd2", "MergeCmd2\MergeCmd2.csproj", "{7A3513E9-A2AF-4D0A-B3C1-7357679B05B5}"
EndProject
Project("{FAE04EC0-301F-11D3-BF4B-00C04F79EFBC}") = "TestModels", "TestModels\TestModels.csproj", "{20FCD224-4A12-4B29-88FC-0E3FA25A05F2}"
EndProject
Global
	GlobalSection(SolutionConfigurationPlatforms) = preSolution
		Debug|Any CPU = Debug|Any CPU
		Release|Any CPU = Release|Any CPU
	EndGlobalSection
	GlobalSection(ProjectConfigurationPlatforms) = postSolution
		{74D32DED-6B61-4C06-99B7-4BF11A7325E0}.Debug|Any CPU.ActiveCfg = Debug|Any CPU
		{74D32DED-6B61-4C06-99B7-4BF11A7325E0}.Debug|Any CPU.Build.0 = Debug|Any CPU
		{74D32DED-6B61-4C06-99B7-4BF11A7325E0}.Release|Any CPU.ActiveCfg = Release|Any CPU
		{74D32DED-6B61-4C06-99B7-4BF11A7325E0}.Release|Any CPU.Build.0 = Release|Any CPU
		{E2FFFA51-D436-42E3-B35F-544145ACCBFE}.Debug|Any CPU.ActiveCfg = Debug|Any CPU
		{E2FFFA51-D436-42E3-B35F-544145ACCBFE}.Debug|Any CPU.Build.0 = Debug|Any CPU
		{E2FFFA51-D436-42E3-B35F-544145ACCBFE}.Release|Any CPU.ActiveCfg = Release|Any CPU
		{E2FFFA51-D436-42E3-B35F-544145ACCBFE}.Release|Any CPU.Build.0 = Release|Any CPU
		{6160BBDE-24A4-4964-961F-39A4A5D036D4}.Debug|Any CPU.ActiveCfg = Debug|Any CPU
		{6160BBDE-24A4-4964-961F-39A4A5D036D4}.Debug|Any CPU.Build.0 = Debug|Any CPU
		{6160BBDE-24A4-4964-961F-39A4A5D036D4}.Release|Any CPU.ActiveCfg = Release|Any CPU
		{6160BBDE-24A4-4964-961F-39A4A5D036D4}.Release|Any CPU.Build.0 = Release|Any CPU
		{F8AC8DB0-DFE0-4FCE-A7B5-11C5316C7A62}.Debug|Any CPU.ActiveCfg = Debug|Any CPU
		{F8AC8DB0-DFE0-4FCE-A7B5-11C5316C7A62}.Debug|Any CPU.Build.0 = Debug|Any CPU
		{F8AC8DB0-DFE0-4FCE-A7B5-11C5316C7A62}.Release|Any CPU.ActiveCfg = Release|Any CPU
		{F8AC8DB0-DFE0-4FCE-A7B5-11C5316C7A62}.Release|Any CPU.Build.0 = Release|Any CPU
		{AD8D1EA1-7B84-42A5-8249-4CC32204CEF4}.Debug|Any CPU.ActiveCfg = Debug|Any CPU
		{AD8D1EA1-7B84-42A5-8249-4CC32204CEF4}.Debug|Any CPU.Build.0 = Debug|Any CPU
		{AD8D1EA1-7B84-42A5-8249-4CC32204CEF4}.Release|Any CPU.ActiveCfg = Release|Any CPU
		{AD8D1EA1-7B84-42A5-8249-4CC32204CEF4}.Release|Any CPU.Build.0 = Release|Any CPU
		{7A3513E9-A2AF-4D0A-B3C1-7357679B05B5}.Debug|Any CPU.ActiveCfg = Debug|Any CPU
		{7A3513E9-A2AF-4D0A-B3C1-7357679B05B5}.Debug|Any CPU.Build.0 = Debug|Any CPU
		{7A3513E9-A2AF-4D0A-B3C1-7357679B05B5}.Release|Any CPU.ActiveCfg = Release|Any CPU
		{7A3513E9-A2AF-4D0A-B3C1-7357679B05B5}.Release|Any CPU.Build.0 = Release|Any CPU
		{20FCD224-4A12-4B29-88FC-0E3FA25A05F2}.Debug|Any CPU.ActiveCfg = Debug|Any CPU
		{20FCD224-4A12-4B29-88FC-0E3FA25A05F2}.Debug|Any CPU.Build.0 = Debug|Any CPU
		{20FCD224-4A12-4B29-88FC-0E3FA25A05F2}.Release|Any CPU.ActiveCfg = Release|Any CPU
		{20FCD224-4A12-4B29-88FC-0E3FA25A05F2}.Release|Any CPU.Build.0 = Release|Any CPU
	EndGlobalSection
	GlobalSection(SolutionProperties) = preSolution
		HideSolutionNode = FALSE
	EndGlobalSection
	GlobalSection(ExtensibilityGlobals) = postSolution
		SolutionGuid = {68EAB512-4AE8-440A-8286-835137FDB1E0}
	EndGlobalSection
EndGlobal
